
Microsoft Visual Studio Solution File, Format Version 12.00
Project("{FAE04EC0-301F-11D3-BF4B-00C04F79EFBC}") = "CodeBuildDotnetTestReportExample.Tests", "CodeBuildDotnetTestReportExample.Tests\CodeBuildDotnetTestReportExample.Tests.csproj", "{53B4F245-7E04-4391-8B0A-AF9942332195}"
EndProject
Project("{FAE04EC0-301F-11D3-BF4B-00C04F79EFBC}") = "CodeBuildDotnetTestReportExample", "CodeBuildDotnetTestReportExample\CodeBuildDotnetTestReportExample.csproj", "{29AF7639-CA3F-4252-AE0F-465F9576F7B2}"
EndProject
Project("{FAE04EC0-301F-11D3-BF4B-00C04F79EFBC}") = "WebApp", "WebApp\WebApp.csproj", "{30D687AA-248D-4CB2-8846-96BE91EDFC22}"
EndProject
Global
	GlobalSection(SolutionConfigurationPlatforms) = preSolution
		Debug|Any CPU = Debug|Any CPU
		Release|Any CPU = Release|Any CPU
	EndGlobalSection
	GlobalSection(ProjectConfigurationPlatforms) = postSolution
		{53B4F245-7E04-4391-8B0A-AF9942332195}.Debug|Any CPU.ActiveCfg = Debug|Any CPU
		{53B4F245-7E04-4391-8B0A-AF9942332195}.Debug|Any CPU.Build.0 = Debug|Any CPU
		{53B4F245-7E04-4391-8B0A-AF9942332195}.Release|Any CPU.ActiveCfg = Release|Any CPU
		{53B4F245-7E04-4391-8B0A-AF9942332195}.Release|Any CPU.Build.0 = Release|Any CPU
		{29AF7639-CA3F-4252-AE0F-465F9576F7B2}.Debug|Any CPU.ActiveCfg = Debug|Any CPU
		{29AF7639-CA3F-4252-AE0F-465F9576F7B2}.Debug|Any CPU.Build.0 = Debug|Any CPU
		{29AF7639-CA3F-4252-AE0F-465F9576F7B2}.Release|Any CPU.ActiveCfg = Release|Any CPU
		{29AF7639-CA3F-4252-AE0F-465F9576F7B2}.Release|Any CPU.Build.0 = Release|Any CPU
		{30D687AA-248D-4CB2-8846-96BE91EDFC22}.Debug|Any CPU.ActiveCfg = Debug|Any CPU
		{30D687AA-248D-4CB2-8846-96BE91EDFC22}.Debug|Any CPU.Build.0 = Debug|Any CPU
		{30D687AA-248D-4CB2-8846-96BE91EDFC22}.Release|Any CPU.ActiveCfg = Release|Any CPU
		{30D687AA-248D-4CB2-8846-96BE91EDFC22}.Release|Any CPU.Build.0 = Release|Any CPU
	EndGlobalSection
EndGlobal
